
Microsoft Visual Studio Solution File, Format Version 12.00
# Visual Studio Version 17
VisualStudioVersion = 17.0.31903.59
MinimumVisualStudioVersion = 10.0.40219.1
Project("{2150E333-8FDC-42A3-9474-1A3956D46DE8}") = "servidor", "servidor", "{60E9AB07-375D-EBFC-34B4-6824E664EA23}"
EndProject
Project("{FAE04EC0-301F-11D3-BF4B-00C04F79EFBC}") = "TocaEssaApp.Api", "servidor\TocaEssaApp.Api\TocaEssaApp.Api.csproj", "{E7366070-4474-4F35-B7E1-4B83BDEDCE32}"
EndProject
Project("{2150E333-8FDC-42A3-9474-1A3956D46DE8}") = "testes", "testes", "{D98D8C46-FF85-5DDC-A1CF-E2FF99E466E3}"
EndProject
Project("{FAE04EC0-301F-11D3-BF4B-00C04F79EFBC}") = "TocaEssaApp.Testes", "testes\TocaEssaApp.Testes\TocaEssaApp.Testes.csproj", "{CB809BF3-35B2-4E95-BF45-F13352F64B8A}"
EndProject
Global
	GlobalSection(SolutionConfigurationPlatforms) = preSolution
		Debug|Any CPU = Debug|Any CPU
		Debug|x64 = Debug|x64
		Debug|x86 = Debug|x86
		Release|Any CPU = Release|Any CPU
		Release|x64 = Release|x64
		Release|x86 = Release|x86
	EndGlobalSection
	GlobalSection(ProjectConfigurationPlatforms) = postSolution
		{E7366070-4474-4F35-B7E1-4B83BDEDCE32}.Debug|Any CPU.ActiveCfg = Debug|Any CPU
		{E7366070-4474-4F35-B7E1-4B83BDEDCE32}.Debug|Any CPU.Build.0 = Debug|Any CPU
		{E7366070-4474-4F35-B7E1-4B83BDEDCE32}.Debug|x64.ActiveCfg = Debug|Any CPU
		{E7366070-4474-4F35-B7E1-4B83BDEDCE32}.Debug|x64.Build.0 = Debug|Any CPU
		{E7366070-4474-4F35-B7E1-4B83BDEDCE32}.Debug|x86.ActiveCfg = Debug|Any CPU
		{E7366070-4474-4F35-B7E1-4B83BDEDCE32}.Debug|x86.Build.0 = Debug|Any CPU
		{E7366070-4474-4F35-B7E1-4B83BDEDCE32}.Release|Any CPU.ActiveCfg = Release|Any CPU
		{E7366070-4474-4F35-B7E1-4B83BDEDCE32}.Release|Any CPU.Build.0 = Release|Any CPU
		{E7366070-4474-4F35-B7E1-4B83BDEDCE32}.Release|x64.ActiveCfg = Release|Any CPU
		{E7366070-4474-4F35-B7E1-4B83BDEDCE32}.Release|x64.Build.0 = Release|Any CPU
		{E7366070-4474-4F35-B7E1-4B83BDEDCE32}.Release|x86.ActiveCfg = Release|Any CPU
		{E7366070-4474-4F35-B7E1-4B83BDEDCE32}.Release|x86.Build.0 = Release|Any CPU
		{CB809BF3-35B2-4E95-BF45-F13352F64B8A}.Debug|Any CPU.ActiveCfg = Debug|Any CPU
		{CB809BF3-35B2-4E95-BF45-F13352F64B8A}.Debug|Any CPU.Build.0 = Debug|Any CPU
		{CB809BF3-35B2-4E95-BF45-F13352F64B8A}.Debug|x64.ActiveCfg = Debug|Any CPU
		{CB809BF3-35B2-4E95-BF45-F13352F64B8A}.Debug|x64.Build.0 = Debug|Any CPU
		{CB809BF3-35B2-4E95-BF45-F13352F64B8A}.Debug|x86.ActiveCfg = Debug|Any CPU
		{CB809BF3-35B2-4E95-BF45-F13352F64B8A}.Debug|x86.Build.0 = Debug|Any CPU
		{CB809BF3-35B2-4E95-BF45-F13352F64B8A}.Release|Any CPU.ActiveCfg = Release|Any CPU
		{CB809BF3-35B2-4E95-BF45-F13352F64B8A}.Release|Any CPU.Build.0 = Release|Any CPU
		{CB809BF3-35B2-4E95-BF45-F13352F64B8A}.Release|x64.ActiveCfg = Release|Any CPU
		{CB809BF3-35B2-4E95-BF45-F13352F64B8A}.Release|x64.Build.0 = Release|Any CPU
		{CB809BF3-35B2-4E95-BF45-F13352F64B8A}.Release|x86.ActiveCfg = Release|Any CPU
		{CB809BF3-35B2-4E95-BF45-F13352F64B8A}.Release|x86.Build.0 = Release|Any CPU
	EndGlobalSection
	GlobalSection(SolutionProperties) = preSolution
		HideSolutionNode = FALSE
	EndGlobalSection
	GlobalSection(NestedProjects) = preSolution
		{E7366070-4474-4F35-B7E1-4B83BDEDCE32} = {60E9AB07-375D-EBFC-34B4-6824E664EA23}
		{CB809BF3-35B2-4E95-BF45-F13352F64B8A} = {D98D8C46-FF85-5DDC-A1CF-E2FF99E466E3}
	EndGlobalSection
EndGlobal
